Microsoft Visual Studio Solution File, Format Version 8.00
Project("{FAE04EC0-301F-11D3-BF4B-00C04F79EFBC}") = "AuthorsDemo", "AuthorsDemo.csproj", "{C23680DF-00D0-41D6-AE30-4AFFA00FB871}"
	ProjectSection(ProjectDependencies) = postProject
	EndProjectSection
EndProject
Global
	GlobalSection(SolutionConfiguration) = preSolution
		Debug = Debug
		Release = Release
	EndGlobalSection
	GlobalSection(ProjectConfiguration) = postSolution
		{C23680DF-00D0-41D6-AE30-4AFFA00FB871}.Debug.ActiveCfg = Debug|.NET
		{C23680DF-00D0-41D6-AE30-4AFFA00FB871}.Debug.Build.0 = Debug|.NET
		{C23680DF-00D0-41D6-AE30-4AFFA00FB871}.Release.ActiveCfg = Release|.NET
		{C23680DF-00D0-41D6-AE30-4AFFA00FB871}.Release.Build.0 = Release|.NET
	EndGlobalSection
	GlobalSection(ExtensibilityGlobals) = postSolution
	EndGlobalSection
	GlobalSection(ExtensibilityAddIns) = postSolution
	EndGlobalSection
EndGlobal
