Microsoft Visual Studio Solution File, Format Version 8.00
Project("{FAE04EC0-301F-11D3-BF4B-00C04F79EFBC}") = "CommandConsoleApplication", "CommandConsoleApplication\CommandConsoleApplication.csproj", "{512280E6-0754-493F-979A-C831F927FC19}"
	ProjectSection(ProjectDependencies) = postProject
	EndProjectSection
EndProject
Project("{FAE04EC0-301F-11D3-BF4B-00C04F79EFBC}") = "DataBindingWindowsApplication", "DataBindingWindowsApplication\DataBindingWindowsApplication.csproj", "{21DB9274-7DB2-4352-AE3D-EC8DB86D1525}"
	ProjectSection(ProjectDependencies) = postProject
	EndProjectSection
EndProject
Project("{FAE04EC0-301F-11D3-BF4B-00C04F79EFBC}") = "ViewsWindowsApplication", "ViewsWindowsApplication\ViewsWindowsApplication.csproj", "{C51055D3-B455-43F3-B318-A3E80530D6A4}"
	ProjectSection(ProjectDependencies) = postProject
	EndProjectSection
EndProject
Global
	GlobalSection(SolutionConfiguration) = preSolution
		Debug = Debug
		Release = Release
	EndGlobalSection
	GlobalSection(ProjectConfiguration) = postSolution
		{512280E6-0754-493F-979A-C831F927FC19}.Debug.ActiveCfg = Debug|.NET
		{512280E6-0754-493F-979A-C831F927FC19}.Debug.Build.0 = Debug|.NET
		{512280E6-0754-493F-979A-C831F927FC19}.Release.ActiveCfg = Release|.NET
		{512280E6-0754-493F-979A-C831F927FC19}.Release.Build.0 = Release|.NET
		{21DB9274-7DB2-4352-AE3D-EC8DB86D1525}.Debug.ActiveCfg = Debug|.NET
		{21DB9274-7DB2-4352-AE3D-EC8DB86D1525}.Debug.Build.0 = Debug|.NET
		{21DB9274-7DB2-4352-AE3D-EC8DB86D1525}.Release.ActiveCfg = Release|.NET
		{21DB9274-7DB2-4352-AE3D-EC8DB86D1525}.Release.Build.0 = Release|.NET
		{C51055D3-B455-43F3-B318-A3E80530D6A4}.Debug.ActiveCfg = Debug|.NET
		{C51055D3-B455-43F3-B318-A3E80530D6A4}.Debug.Build.0 = Debug|.NET
		{C51055D3-B455-43F3-B318-A3E80530D6A4}.Release.ActiveCfg = Release|.NET
		{C51055D3-B455-43F3-B318-A3E80530D6A4}.Release.Build.0 = Release|.NET
	EndGlobalSection
	GlobalSection(ExtensibilityGlobals) = postSolution
	EndGlobalSection
	GlobalSection(ExtensibilityAddIns) = postSolution
	EndGlobalSection
EndGlobal
