Microsoft Visual Studio Solution File, Format Version 8.00
Project("{FAE04EC0-301F-11D3-BF4B-00C04F79EFBC}") = "Actualizacion", "Actualizacion\Actualizacion.csproj", "{126C1271-9725-4E95-A736-E39111062EDD}"
	ProjectSection(ProjectDependencies) = postProject
	EndProjectSection
EndProject
Global
	GlobalSection(SolutionConfiguration) = preSolution
		Debug = Debug
		Release = Release
	EndGlobalSection
	GlobalSection(ProjectConfiguration) = postSolution
		{126C1271-9725-4E95-A736-E39111062EDD}.Debug.ActiveCfg = Debug|.NET
		{126C1271-9725-4E95-A736-E39111062EDD}.Debug.Build.0 = Debug|.NET
		{126C1271-9725-4E95-A736-E39111062EDD}.Release.ActiveCfg = Release|.NET
		{126C1271-9725-4E95-A736-E39111062EDD}.Release.Build.0 = Release|.NET
	EndGlobalSection
	GlobalSection(ExtensibilityGlobals) = postSolution
	EndGlobalSection
	GlobalSection(ExtensibilityAddIns) = postSolution
	EndGlobalSection
EndGlobal
