Microsoft Visual Studio Solution File, Format Version 8.00
Project("{FAE04EC0-301F-11D3-BF4B-00C04F79EFBC}") = "ConsoleApplication1", "ConsoleApplication1\ConsoleApplication1.csproj", "{634B8257-3E7C-4AB3-805C-30953491D191}"
	ProjectSection(ProjectDependencies) = postProject
	EndProjectSection
EndProject
Project("{FAE04EC0-301F-11D3-BF4B-00C04F79EFBC}") = "BindeoDatos", "BindeoDatos\BindeoDatos.csproj", "{724A35AB-4E7C-41BC-B67F-DC5ECBA03A93}"
	ProjectSection(ProjectDependencies) = postProject
	EndProjectSection
EndProject
Global
	GlobalSection(SolutionConfiguration) = preSolution
		Debug = Debug
		Release = Release
	EndGlobalSection
	GlobalSection(ProjectConfiguration) = postSolution
		{634B8257-3E7C-4AB3-805C-30953491D191}.Debug.ActiveCfg = Debug|.NET
		{634B8257-3E7C-4AB3-805C-30953491D191}.Debug.Build.0 = Debug|.NET
		{634B8257-3E7C-4AB3-805C-30953491D191}.Release.ActiveCfg = Release|.NET
		{634B8257-3E7C-4AB3-805C-30953491D191}.Release.Build.0 = Release|.NET
		{724A35AB-4E7C-41BC-B67F-DC5ECBA03A93}.Debug.ActiveCfg = Debug|.NET
		{724A35AB-4E7C-41BC-B67F-DC5ECBA03A93}.Debug.Build.0 = Debug|.NET
		{724A35AB-4E7C-41BC-B67F-DC5ECBA03A93}.Release.ActiveCfg = Release|.NET
		{724A35AB-4E7C-41BC-B67F-DC5ECBA03A93}.Release.Build.0 = Release|.NET
	EndGlobalSection
	GlobalSection(ExtensibilityGlobals) = postSolution
	EndGlobalSection
	GlobalSection(ExtensibilityAddIns) = postSolution
	EndGlobalSection
EndGlobal
